
Microsoft Visual Studio Solution File, Format Version 12.00
# Visual Studio Version 16
VisualStudioVersion = 16.0.32413.511
MinimumVisualStudioVersion = 10.0.40219.1
Project("{FAE04EC0-301F-11D3-BF4B-00C04F79EFBC}") = "second_project", "second_project.csproj", "{410F68EC-614B-40AD-831C-6D3D11BF392B}"
EndProject
Global
	GlobalSection(SolutionConfigurationPlatforms) = preSolution
		Debug|Any CPU = Debug|Any CPU
		Release|Any CPU = Release|Any CPU
	EndGlobalSection
	GlobalSection(ProjectConfigurationPlatforms) = postSolution
		{410F68EC-614B-40AD-831C-6D3D11BF392B}.Debug|Any CPU.ActiveCfg = Debug|Any CPU
		{410F68EC-614B-40AD-831C-6D3D11BF392B}.Debug|Any CPU.Build.0 = Debug|Any CPU
		{410F68EC-614B-40AD-831C-6D3D11BF392B}.Release|Any CPU.ActiveCfg = Release|Any CPU
		{410F68EC-614B-40AD-831C-6D3D11BF392B}.Release|Any CPU.Build.0 = Release|Any CPU
	EndGlobalSection
	GlobalSection(SolutionProperties) = preSolution
		HideSolutionNode = FALSE
	EndGlobalSection
	GlobalSection(ExtensibilityGlobals) = postSolution
		SolutionGuid = {5C4C518B-A212-4734-B35D-47DD6D8176A4}
	EndGlobalSection
EndGlobal
